
Microsoft Visual Studio Solution File, Format Version 12.00
# Visual Studio Version 17
VisualStudioVersion = 17.11.35327.3
MinimumVisualStudioVersion = 10.0.40219.1
Project("{9A19103F-16F7-4668-BE54-9A1E7A4F7556}") = "RecordStoreAPI", "RecordStoreAPI.csproj", "{F16AEF40-1F0C-43B7-B5CC-5600E89A874C}"
EndProject
Project("{FAE04EC0-301F-11D3-BF4B-00C04F79EFBC}") = "RecordStoreAPI.Tests", "..\RecordStoreAPI.Tests\RecordStoreAPI.Tests.csproj", "{FAC9617A-A1A4-4FB1-B5DA-8EDA9016FD19}"
EndProject
Project("{FAE04EC0-301F-11D3-BF4B-00C04F79EFBC}") = "RecordStoreFrontend", "..\RecordStoreFrontend\RecordStoreFrontend\RecordStoreFrontend.csproj", "{D2861646-44E9-4DF9-932D-57C05FB7F62A}"
EndProject
Project("{FAE04EC0-301F-11D3-BF4B-00C04F79EFBC}") = "RecordStoreFrontend.Client", "..\RecordStoreFrontend\RecordStoreFrontend.Client\RecordStoreFrontend.Client.csproj", "{B24205ED-E3EB-46C5-871C-305E522C2841}"
EndProject
Global
	GlobalSection(SolutionConfigurationPlatforms) = preSolution
		Debug|Any CPU = Debug|Any CPU
		Release|Any CPU = Release|Any CPU
	EndGlobalSection
	GlobalSection(ProjectConfigurationPlatforms) = postSolution
		{F16AEF40-1F0C-43B7-B5CC-5600E89A874C}.Debug|Any CPU.ActiveCfg = Debug|Any CPU
		{F16AEF40-1F0C-43B7-B5CC-5600E89A874C}.Debug|Any CPU.Build.0 = Debug|Any CPU
		{F16AEF40-1F0C-43B7-B5CC-5600E89A874C}.Release|Any CPU.ActiveCfg = Release|Any CPU
		{F16AEF40-1F0C-43B7-B5CC-5600E89A874C}.Release|Any CPU.Build.0 = Release|Any CPU
		{FAC9617A-A1A4-4FB1-B5DA-8EDA9016FD19}.Debug|Any CPU.ActiveCfg = Debug|Any CPU
		{FAC9617A-A1A4-4FB1-B5DA-8EDA9016FD19}.Debug|Any CPU.Build.0 = Debug|Any CPU
		{FAC9617A-A1A4-4FB1-B5DA-8EDA9016FD19}.Release|Any CPU.ActiveCfg = Release|Any CPU
		{FAC9617A-A1A4-4FB1-B5DA-8EDA9016FD19}.Release|Any CPU.Build.0 = Release|Any CPU
		{D2861646-44E9-4DF9-932D-57C05FB7F62A}.Debug|Any CPU.ActiveCfg = Debug|Any CPU
		{D2861646-44E9-4DF9-932D-57C05FB7F62A}.Debug|Any CPU.Build.0 = Debug|Any CPU
		{D2861646-44E9-4DF9-932D-57C05FB7F62A}.Release|Any CPU.ActiveCfg = Release|Any CPU
		{D2861646-44E9-4DF9-932D-57C05FB7F62A}.Release|Any CPU.Build.0 = Release|Any CPU
		{B24205ED-E3EB-46C5-871C-305E522C2841}.Debug|Any CPU.ActiveCfg = Debug|Any CPU
		{B24205ED-E3EB-46C5-871C-305E522C2841}.Debug|Any CPU.Build.0 = Debug|Any CPU
		{B24205ED-E3EB-46C5-871C-305E522C2841}.Release|Any CPU.ActiveCfg = Release|Any CPU
		{B24205ED-E3EB-46C5-871C-305E522C2841}.Release|Any CPU.Build.0 = Release|Any CPU
	EndGlobalSection
	GlobalSection(SolutionProperties) = preSolution
		HideSolutionNode = FALSE
	EndGlobalSection
	GlobalSection(ExtensibilityGlobals) = postSolution
		SolutionGuid = {BC69D255-ADA4-426C-BFA9-C9506E80E5E1}
	EndGlobalSection
EndGlobal
